
Microsoft Visual Studio Solution File, Format Version 12.00
# Visual Studio Version 16
VisualStudioVersion = 16.0.30011.22
MinimumVisualStudioVersion = 10.0.40219.1
Project("{FAE04EC0-301F-11D3-BF4B-00C04F79EFBC}") = "MefCalculator.Gui", "MefCalculator.Gui\MefCalculator.Gui.csproj", "{6F044BA2-B949-4D6E-A973-7252531128D8}"
	ProjectSection(ProjectDependencies) = postProject
		{1F371D2E-87F8-4BEE-BB42-39242CAAF3F0} = {1F371D2E-87F8-4BEE-BB42-39242CAAF3F0}
		{0752C857-456B-462E-8C16-DC9E96DF6D87} = {0752C857-456B-462E-8C16-DC9E96DF6D87}
	EndProjectSection
EndProject
Project("{FAE04EC0-301F-11D3-BF4B-00C04F79EFBC}") = "MefCalculator.Editors", "MefCalculator.Editors\MefCalculator.Editors.csproj", "{1B3B7C81-B841-4C42-982F-61946FA9F761}"
	ProjectSection(ProjectDependencies) = postProject
		{0752C857-456B-462E-8C16-DC9E96DF6D87} = {0752C857-456B-462E-8C16-DC9E96DF6D87}
	EndProjectSection
EndProject
Project("{2150E333-8FDC-42A3-9474-1A3956D46DE8}") = "Plugins", "Plugins", "{CFA29878-007F-44F7-A4C1-A4A1AD49F7A5}"
EndProject
Project("{2150E333-8FDC-42A3-9474-1A3956D46DE8}") = "Nodes", "Nodes", "{5313BB0D-F433-49EA-9003-472CB34A094F}"
	ProjectSection(SolutionItems) = preProject
		ReadMe.txt = ReadMe.txt
	EndProjectSection
EndProject
Project("{FAE04EC0-301F-11D3-BF4B-00C04F79EFBC}") = "MefCalculator.Plugins.Nodes.Sum", "MefCalculator.Plugins\Nodes\MefCalculator.Plugins.Nodes.Sum\MefCalculator.Plugins.Nodes.Sum.csproj", "{1F371D2E-87F8-4BEE-BB42-39242CAAF3F0}"
	ProjectSection(ProjectDependencies) = postProject
		{0752C857-456B-462E-8C16-DC9E96DF6D87} = {0752C857-456B-462E-8C16-DC9E96DF6D87}
	EndProjectSection
EndProject
Project("{FAE04EC0-301F-11D3-BF4B-00C04F79EFBC}") = "MefCalculator._Build", "MefCalculator._Build\MefCalculator._Build.csproj", "{0752C857-456B-462E-8C16-DC9E96DF6D87}"
EndProject
Global
	GlobalSection(SolutionConfigurationPlatforms) = preSolution
		Debug|Any CPU = Debug|Any CPU
		Release|Any CPU = Release|Any CPU
	EndGlobalSection
	GlobalSection(ProjectConfigurationPlatforms) = postSolution
		{6F044BA2-B949-4D6E-A973-7252531128D8}.Debug|Any CPU.ActiveCfg = Debug|Any CPU
		{6F044BA2-B949-4D6E-A973-7252531128D8}.Debug|Any CPU.Build.0 = Debug|Any CPU
		{6F044BA2-B949-4D6E-A973-7252531128D8}.Release|Any CPU.ActiveCfg = Release|Any CPU
		{6F044BA2-B949-4D6E-A973-7252531128D8}.Release|Any CPU.Build.0 = Release|Any CPU
		{1B3B7C81-B841-4C42-982F-61946FA9F761}.Debug|Any CPU.ActiveCfg = Debug|Any CPU
		{1B3B7C81-B841-4C42-982F-61946FA9F761}.Debug|Any CPU.Build.0 = Debug|Any CPU
		{1B3B7C81-B841-4C42-982F-61946FA9F761}.Release|Any CPU.ActiveCfg = Release|Any CPU
		{1B3B7C81-B841-4C42-982F-61946FA9F761}.Release|Any CPU.Build.0 = Release|Any CPU
		{1F371D2E-87F8-4BEE-BB42-39242CAAF3F0}.Debug|Any CPU.ActiveCfg = Debug|Any CPU
		{1F371D2E-87F8-4BEE-BB42-39242CAAF3F0}.Debug|Any CPU.Build.0 = Debug|Any CPU
		{1F371D2E-87F8-4BEE-BB42-39242CAAF3F0}.Release|Any CPU.ActiveCfg = Release|Any CPU
		{1F371D2E-87F8-4BEE-BB42-39242CAAF3F0}.Release|Any CPU.Build.0 = Release|Any CPU
		{0752C857-456B-462E-8C16-DC9E96DF6D87}.Debug|Any CPU.ActiveCfg = Debug|Any CPU
		{0752C857-456B-462E-8C16-DC9E96DF6D87}.Debug|Any CPU.Build.0 = Debug|Any CPU
		{0752C857-456B-462E-8C16-DC9E96DF6D87}.Release|Any CPU.ActiveCfg = Release|Any CPU
		{0752C857-456B-462E-8C16-DC9E96DF6D87}.Release|Any CPU.Build.0 = Release|Any CPU
	EndGlobalSection
	GlobalSection(SolutionProperties) = preSolution
		HideSolutionNode = FALSE
	EndGlobalSection
	GlobalSection(NestedProjects) = preSolution
		{5313BB0D-F433-49EA-9003-472CB34A094F} = {CFA29878-007F-44F7-A4C1-A4A1AD49F7A5}
		{1F371D2E-87F8-4BEE-BB42-39242CAAF3F0} = {5313BB0D-F433-49EA-9003-472CB34A094F}
	EndGlobalSection
	GlobalSection(ExtensibilityGlobals) = postSolution
		SolutionGuid = {E240CA68-BB30-4C42-948D-F5D564893CFA}
	EndGlobalSection
EndGlobal
